
Microsoft Visual Studio Solution File, Format Version 12.00
# Visual Studio 15
VisualStudioVersion = 15.0.27130.2010
MinimumVisualStudioVersion = 10.0.40219.1
Project("{FAE04EC0-301F-11D3-BF4B-00C04F79EFBC}") = "Lab2_FDMA", "Lab2_FDMA\Lab2_FDMA.csproj", "{55CFD4B3-6C83-4276-BD8E-BB25063C2F57}"
EndProject
Global
	GlobalSection(SolutionConfigurationPlatforms) = preSolution
		Debug|Any CPU = Debug|Any CPU
		Release|Any CPU = Release|Any CPU
	EndGlobalSection
	GlobalSection(ProjectConfigurationPlatforms) = postSolution
		{55CFD4B3-6C83-4276-BD8E-BB25063C2F57}.Debug|Any CPU.ActiveCfg = Debug|Any CPU
		{55CFD4B3-6C83-4276-BD8E-BB25063C2F57}.Debug|Any CPU.Build.0 = Debug|Any CPU
		{55CFD4B3-6C83-4276-BD8E-BB25063C2F57}.Release|Any CPU.ActiveCfg = Release|Any CPU
		{55CFD4B3-6C83-4276-BD8E-BB25063C2F57}.Release|Any CPU.Build.0 = Release|Any CPU
	EndGlobalSection
	GlobalSection(SolutionProperties) = preSolution
		HideSolutionNode = FALSE
	EndGlobalSection
	GlobalSection(ExtensibilityGlobals) = postSolution
		SolutionGuid = {9694D466-8885-49B4-BFE8-7498D6F8935C}
	EndGlobalSection
EndGlobal
